
Microsoft Visual Studio Solution File, Format Version 12.00
Project("{FAE04EC0-301F-11D3-BF4B-00C04F79EFBC}") = "AutoRepairJsonWersion", "AutoRepairJsonWersion\AutoRepairJsonWersion.csproj", "{9E1EF2FF-47C7-4C4D-8ACD-7E1432FD2CAC}"
EndProject
Global
	GlobalSection(SolutionConfigurationPlatforms) = preSolution
		Debug|Any CPU = Debug|Any CPU
		Release|Any CPU = Release|Any CPU
	EndGlobalSection
	GlobalSection(ProjectConfigurationPlatforms) = postSolution
		{9E1EF2FF-47C7-4C4D-8ACD-7E1432FD2CAC}.Debug|Any CPU.ActiveCfg = Debug|Any CPU
		{9E1EF2FF-47C7-4C4D-8ACD-7E1432FD2CAC}.Debug|Any CPU.Build.0 = Debug|Any CPU
		{9E1EF2FF-47C7-4C4D-8ACD-7E1432FD2CAC}.Release|Any CPU.ActiveCfg = Release|Any CPU
		{9E1EF2FF-47C7-4C4D-8ACD-7E1432FD2CAC}.Release|Any CPU.Build.0 = Release|Any CPU
	EndGlobalSection
EndGlobal
